
Microsoft Visual Studio Solution File, Format Version 12.00
# Visual Studio Version 17
VisualStudioVersion = 17.4.33213.308
MinimumVisualStudioVersion = 10.0.40219.1
Project("{FAE04EC0-301F-11D3-BF4B-00C04F79EFBC}") = "BlazorWASM_EF.Server", "BlazorWASM_EF\Server\BlazorWASM_EF.Server.csproj", "{207C54AB-BEC2-4B89-BBC6-176CD90F2721}"
EndProject
Project("{FAE04EC0-301F-11D3-BF4B-00C04F79EFBC}") = "BlazorWASM_EF.Client", "BlazorWASM_EF\Client\BlazorWASM_EF.Client.csproj", "{F37D641F-48AF-4626-B12C-533C2300E2BD}"
EndProject
Project("{FAE04EC0-301F-11D3-BF4B-00C04F79EFBC}") = "BlazorWASM_EF.Shared", "BlazorWASM_EF\Shared\BlazorWASM_EF.Shared.csproj", "{6FDD4A40-EF4C-4C75-A08D-5D47A7601A12}"
EndProject
Global
	GlobalSection(SolutionConfigurationPlatforms) = preSolution
		Debug|Any CPU = Debug|Any CPU
		Release|Any CPU = Release|Any CPU
	EndGlobalSection
	GlobalSection(ProjectConfigurationPlatforms) = postSolution
		{207C54AB-BEC2-4B89-BBC6-176CD90F2721}.Debug|Any CPU.ActiveCfg = Debug|Any CPU
		{207C54AB-BEC2-4B89-BBC6-176CD90F2721}.Debug|Any CPU.Build.0 = Debug|Any CPU
		{207C54AB-BEC2-4B89-BBC6-176CD90F2721}.Release|Any CPU.ActiveCfg = Release|Any CPU
		{207C54AB-BEC2-4B89-BBC6-176CD90F2721}.Release|Any CPU.Build.0 = Release|Any CPU
		{F37D641F-48AF-4626-B12C-533C2300E2BD}.Debug|Any CPU.ActiveCfg = Debug|Any CPU
		{F37D641F-48AF-4626-B12C-533C2300E2BD}.Debug|Any CPU.Build.0 = Debug|Any CPU
		{F37D641F-48AF-4626-B12C-533C2300E2BD}.Release|Any CPU.ActiveCfg = Release|Any CPU
		{F37D641F-48AF-4626-B12C-533C2300E2BD}.Release|Any CPU.Build.0 = Release|Any CPU
		{6FDD4A40-EF4C-4C75-A08D-5D47A7601A12}.Debug|Any CPU.ActiveCfg = Debug|Any CPU
		{6FDD4A40-EF4C-4C75-A08D-5D47A7601A12}.Debug|Any CPU.Build.0 = Debug|Any CPU
		{6FDD4A40-EF4C-4C75-A08D-5D47A7601A12}.Release|Any CPU.ActiveCfg = Release|Any CPU
		{6FDD4A40-EF4C-4C75-A08D-5D47A7601A12}.Release|Any CPU.Build.0 = Release|Any CPU
	EndGlobalSection
	GlobalSection(SolutionProperties) = preSolution
		HideSolutionNode = FALSE
	EndGlobalSection
	GlobalSection(ExtensibilityGlobals) = postSolution
		SolutionGuid = {67F3E901-A143-45FD-8A65-90D315CED43C}
	EndGlobalSection
EndGlobal
